
Microsoft Visual Studio Solution File, Format Version 12.00
# Visual Studio Version 17
VisualStudioVersion = 17.4.33205.214
MinimumVisualStudioVersion = 10.0.40219.1
Project("{FAE04EC0-301F-11D3-BF4B-00C04F79EFBC}") = "sanitation_web_api", "sanitation_web_api\sanitation_web_api.csproj", "{11BBD343-EBF2-4638-A81D-A92931100D9C}"
EndProject
Global
	GlobalSection(SolutionConfigurationPlatforms) = preSolution
		Debug|Any CPU = Debug|Any CPU
		Release|Any CPU = Release|Any CPU
	EndGlobalSection
	GlobalSection(ProjectConfigurationPlatforms) = postSolution
		{11BBD343-EBF2-4638-A81D-A92931100D9C}.Debug|Any CPU.ActiveCfg = Debug|Any CPU
		{11BBD343-EBF2-4638-A81D-A92931100D9C}.Debug|Any CPU.Build.0 = Debug|Any CPU
		{11BBD343-EBF2-4638-A81D-A92931100D9C}.Release|Any CPU.ActiveCfg = Release|Any CPU
		{11BBD343-EBF2-4638-A81D-A92931100D9C}.Release|Any CPU.Build.0 = Release|Any CPU
	EndGlobalSection
	GlobalSection(SolutionProperties) = preSolution
		HideSolutionNode = FALSE
	EndGlobalSection
	GlobalSection(ExtensibilityGlobals) = postSolution
		SolutionGuid = {FCF71622-FEB4-440C-8BBB-B98CB7C2013F}
	EndGlobalSection
EndGlobal
